
Microsoft Visual Studio Solution File, Format Version 12.00
# Visual Studio Version 17
VisualStudioVersion = 17.3.32929.385
MinimumVisualStudioVersion = 10.0.40219.1
Project("{FAE04EC0-301F-11D3-BF4B-00C04F79EFBC}") = "POCMicroORM", "POCMicroORM.csproj", "{EDD8D78C-C91B-4C13-B237-3FCC611C925D}"
EndProject
Project("{2150E333-8FDC-42A3-9474-1A3956D46DE8}") = "Solution Items", "Solution Items", "{B5E399A5-9465-4A8A-A52F-EA759B0996CC}"
EndProject
Global
	GlobalSection(SolutionConfigurationPlatforms) = preSolution
		Debug|Any CPU = Debug|Any CPU
		Release|Any CPU = Release|Any CPU
	EndGlobalSection
	GlobalSection(ProjectConfigurationPlatforms) = postSolution
		{EDD8D78C-C91B-4C13-B237-3FCC611C925D}.Debug|Any CPU.ActiveCfg = Debug|Any CPU
		{EDD8D78C-C91B-4C13-B237-3FCC611C925D}.Debug|Any CPU.Build.0 = Debug|Any CPU
		{EDD8D78C-C91B-4C13-B237-3FCC611C925D}.Release|Any CPU.ActiveCfg = Release|Any CPU
		{EDD8D78C-C91B-4C13-B237-3FCC611C925D}.Release|Any CPU.Build.0 = Release|Any CPU
	EndGlobalSection
	GlobalSection(SolutionProperties) = preSolution
		HideSolutionNode = FALSE
	EndGlobalSection
	GlobalSection(ExtensibilityGlobals) = postSolution
		SolutionGuid = {E420C92F-5A9F-4A45-932A-5BE75FF79C14}
	EndGlobalSection
EndGlobal
